
Microsoft Visual Studio Solution File, Format Version 12.00
# Visual Studio Version 17
VisualStudioVersion = 17.14.36121.58
MinimumVisualStudioVersion = 10.0.40219.1
Project("{FAE04EC0-301F-11D3-BF4B-00C04F79EFBC}") = "DevHabit.Api", "DevHabit.Api\DevHabit.Api.csproj", "{5D8409FF-3D69-40EB-B698-DADF7CC1679A}"
EndProject
Project("{2150E333-8FDC-42A3-9474-1A3956D46DE8}") = "src", "src", "{02EA681E-C7D8-13C7-8484-4AC65E1B71E8}"
EndProject
Project("{2150E333-8FDC-42A3-9474-1A3956D46DE8}") = "Solution Items", "Solution Items", "{3AFD4D25-D1C4-40A7-9E9D-010954FB76E8}"
	ProjectSection(SolutionItems) = preProject
		.editorconfig = .editorconfig
		Directory.Build.props = Directory.Build.props
		Directory.Packages.props = Directory.Packages.props
	EndProjectSection
EndProject
Project("{E53339B2-1760-4266-BCC7-CA923CBCF16C}") = "docker-compose", "docker-compose.dcproj", "{81DDED9D-158B-E303-5F62-77A2896D2A5A}"
EndProject
Project("{2150E333-8FDC-42A3-9474-1A3956D46DE8}") = "test", "test", "{9C1DB4BC-D0BA-4ABE-8584-DD3B03A5F3EB}"
EndProject
Project("{FAE04EC0-301F-11D3-BF4B-00C04F79EFBC}") = "DevHabit.UnitTests", "DevHabit.UnitTests\DevHabit.UnitTests.csproj", "{D8BF5D48-4E15-4F69-8727-04A1BBC2063E}"
EndProject
Project("{FAE04EC0-301F-11D3-BF4B-00C04F79EFBC}") = "DevHabit.IntegrationTests", "..\DevHabit.Integration.Tests\DevHabit.IntegrationTests.csproj", "{949C96F3-A20E-477E-8077-2454601E4A47}"
EndProject
Global
	GlobalSection(SolutionConfigurationPlatforms) = preSolution
		Debug|Any CPU = Debug|Any CPU
		Release|Any CPU = Release|Any CPU
	EndGlobalSection
	GlobalSection(ProjectConfigurationPlatforms) = postSolution
		{5D8409FF-3D69-40EB-B698-DADF7CC1679A}.Debug|Any CPU.ActiveCfg = Debug|Any CPU
		{5D8409FF-3D69-40EB-B698-DADF7CC1679A}.Debug|Any CPU.Build.0 = Debug|Any CPU
		{5D8409FF-3D69-40EB-B698-DADF7CC1679A}.Release|Any CPU.ActiveCfg = Release|Any CPU
		{5D8409FF-3D69-40EB-B698-DADF7CC1679A}.Release|Any CPU.Build.0 = Release|Any CPU
		{81DDED9D-158B-E303-5F62-77A2896D2A5A}.Debug|Any CPU.ActiveCfg = Debug|Any CPU
		{81DDED9D-158B-E303-5F62-77A2896D2A5A}.Debug|Any CPU.Build.0 = Debug|Any CPU
		{81DDED9D-158B-E303-5F62-77A2896D2A5A}.Release|Any CPU.ActiveCfg = Release|Any CPU
		{81DDED9D-158B-E303-5F62-77A2896D2A5A}.Release|Any CPU.Build.0 = Release|Any CPU
		{D8BF5D48-4E15-4F69-8727-04A1BBC2063E}.Debug|Any CPU.ActiveCfg = Debug|Any CPU
		{D8BF5D48-4E15-4F69-8727-04A1BBC2063E}.Debug|Any CPU.Build.0 = Debug|Any CPU
		{D8BF5D48-4E15-4F69-8727-04A1BBC2063E}.Release|Any CPU.ActiveCfg = Release|Any CPU
		{D8BF5D48-4E15-4F69-8727-04A1BBC2063E}.Release|Any CPU.Build.0 = Release|Any CPU
		{949C96F3-A20E-477E-8077-2454601E4A47}.Debug|Any CPU.ActiveCfg = Debug|Any CPU
		{949C96F3-A20E-477E-8077-2454601E4A47}.Debug|Any CPU.Build.0 = Debug|Any CPU
		{949C96F3-A20E-477E-8077-2454601E4A47}.Release|Any CPU.ActiveCfg = Release|Any CPU
		{949C96F3-A20E-477E-8077-2454601E4A47}.Release|Any CPU.Build.0 = Release|Any CPU
	EndGlobalSection
	GlobalSection(SolutionProperties) = preSolution
		HideSolutionNode = FALSE
	EndGlobalSection
	GlobalSection(NestedProjects) = preSolution
		{5D8409FF-3D69-40EB-B698-DADF7CC1679A} = {02EA681E-C7D8-13C7-8484-4AC65E1B71E8}
		{D8BF5D48-4E15-4F69-8727-04A1BBC2063E} = {9C1DB4BC-D0BA-4ABE-8584-DD3B03A5F3EB}
		{949C96F3-A20E-477E-8077-2454601E4A47} = {9C1DB4BC-D0BA-4ABE-8584-DD3B03A5F3EB}
	EndGlobalSection
	GlobalSection(ExtensibilityGlobals) = postSolution
		SolutionGuid = {60BA3A65-FA66-4DE1-84CA-739CDCB6E3C6}
	EndGlobalSection
EndGlobal
